
Microsoft Visual Studio Solution File, Format Version 12.00
# Visual Studio Version 17
VisualStudioVersion = 17.8.34316.72
MinimumVisualStudioVersion = 10.0.40219.1
Project("{2150E333-8FDC-42A3-9474-1A3956D46DE8}") = "src", "src", "{BA533EBB-0F91-454A-9B19-BB939B4904B1}"
EndProject
Project("{2150E333-8FDC-42A3-9474-1A3956D46DE8}") = "tests", "tests", "{89DC880D-5011-4B17-AAAE-8140147DC3A4}"
EndProject
Project("{2150E333-8FDC-42A3-9474-1A3956D46DE8}") = "00.Package", "00.Package", "{F226FEE3-4BEE-46BD-A176-7C73E97CB991}"
EndProject
Project("{2150E333-8FDC-42A3-9474-1A3956D46DE8}") = "01.Core", "01.Core", "{6380C175-F4D3-4E67-978D-A5572C9ED988}"
EndProject
Project("{2150E333-8FDC-42A3-9474-1A3956D46DE8}") = "02.Infrastructure", "02.Infrastructure", "{DF2A4621-6820-4B8A-A9F6-08C5F942C906}"
EndProject
Project("{2150E333-8FDC-42A3-9474-1A3956D46DE8}") = "03.Presentation", "03.Presentation", "{3FAA02A6-AC66-4DD2-87A8-FEA9F7DDA8F5}"
EndProject
Project("{FAE04EC0-301F-11D3-BF4B-00C04F79EFBC}") = "MovieClub.Unit.Tests", "MovieClub.Unit.Tests\MovieClub.Unit.Tests.csproj", "{BBFF7FCA-50B5-45DF-94D5-F6907AFD04E7}"
EndProject
Project("{FAE04EC0-301F-11D3-BF4B-00C04F79EFBC}") = "MovieClub.TestTools", "MovieClub.TestTools\MovieClub.TestTools.csproj", "{0F6DABBF-655F-4708-9AE3-355590D5455B}"
EndProject
Project("{FAE04EC0-301F-11D3-BF4B-00C04F79EFBC}") = "MovieClub.Persistance", "MovieClub.Persistance\MovieClub.Persistance.csproj", "{A73A5871-6B60-4528-999C-953A956CF487}"
EndProject
Project("{FAE04EC0-301F-11D3-BF4B-00C04F79EFBC}") = "MovieClub.Service", "MovieClub.Service\MovieClub.Service.csproj", "{F2DDEE34-1B7C-4E52-85D9-9EEC1CAD7C40}"
EndProject
Project("{FAE04EC0-301F-11D3-BF4B-00C04F79EFBC}") = "MovieClub.Entity", "MovieClub.Entity\MovieClub.Entity.csproj", "{14413ADD-1454-464B-99AC-9AD3B8FBFDAF}"
EndProject
Project("{FAE04EC0-301F-11D3-BF4B-00C04F79EFBC}") = "MovieClub.Contracts", "MovieClub.Contracts\MovieClub.Contracts.csproj", "{77BF50D6-9472-46B5-95C4-A0AC71075161}"
EndProject
Global
	GlobalSection(SolutionConfigurationPlatforms) = preSolution
		Debug|Any CPU = Debug|Any CPU
		Release|Any CPU = Release|Any CPU
	EndGlobalSection
	GlobalSection(ProjectConfigurationPlatforms) = postSolution
		{BBFF7FCA-50B5-45DF-94D5-F6907AFD04E7}.Debug|Any CPU.ActiveCfg = Debug|Any CPU
		{BBFF7FCA-50B5-45DF-94D5-F6907AFD04E7}.Debug|Any CPU.Build.0 = Debug|Any CPU
		{BBFF7FCA-50B5-45DF-94D5-F6907AFD04E7}.Release|Any CPU.ActiveCfg = Release|Any CPU
		{BBFF7FCA-50B5-45DF-94D5-F6907AFD04E7}.Release|Any CPU.Build.0 = Release|Any CPU
		{0F6DABBF-655F-4708-9AE3-355590D5455B}.Debug|Any CPU.ActiveCfg = Debug|Any CPU
		{0F6DABBF-655F-4708-9AE3-355590D5455B}.Debug|Any CPU.Build.0 = Debug|Any CPU
		{0F6DABBF-655F-4708-9AE3-355590D5455B}.Release|Any CPU.ActiveCfg = Release|Any CPU
		{0F6DABBF-655F-4708-9AE3-355590D5455B}.Release|Any CPU.Build.0 = Release|Any CPU
		{A73A5871-6B60-4528-999C-953A956CF487}.Debug|Any CPU.ActiveCfg = Debug|Any CPU
		{A73A5871-6B60-4528-999C-953A956CF487}.Debug|Any CPU.Build.0 = Debug|Any CPU
		{A73A5871-6B60-4528-999C-953A956CF487}.Release|Any CPU.ActiveCfg = Release|Any CPU
		{A73A5871-6B60-4528-999C-953A956CF487}.Release|Any CPU.Build.0 = Release|Any CPU
		{F2DDEE34-1B7C-4E52-85D9-9EEC1CAD7C40}.Debug|Any CPU.ActiveCfg = Debug|Any CPU
		{F2DDEE34-1B7C-4E52-85D9-9EEC1CAD7C40}.Debug|Any CPU.Build.0 = Debug|Any CPU
		{F2DDEE34-1B7C-4E52-85D9-9EEC1CAD7C40}.Release|Any CPU.ActiveCfg = Release|Any CPU
		{F2DDEE34-1B7C-4E52-85D9-9EEC1CAD7C40}.Release|Any CPU.Build.0 = Release|Any CPU
		{14413ADD-1454-464B-99AC-9AD3B8FBFDAF}.Debug|Any CPU.ActiveCfg = Debug|Any CPU
		{14413ADD-1454-464B-99AC-9AD3B8FBFDAF}.Debug|Any CPU.Build.0 = Debug|Any CPU
		{14413ADD-1454-464B-99AC-9AD3B8FBFDAF}.Release|Any CPU.ActiveCfg = Release|Any CPU
		{14413ADD-1454-464B-99AC-9AD3B8FBFDAF}.Release|Any CPU.Build.0 = Release|Any CPU
		{77BF50D6-9472-46B5-95C4-A0AC71075161}.Debug|Any CPU.ActiveCfg = Debug|Any CPU
		{77BF50D6-9472-46B5-95C4-A0AC71075161}.Debug|Any CPU.Build.0 = Debug|Any CPU
		{77BF50D6-9472-46B5-95C4-A0AC71075161}.Release|Any CPU.ActiveCfg = Release|Any CPU
		{77BF50D6-9472-46B5-95C4-A0AC71075161}.Release|Any CPU.Build.0 = Release|Any CPU
	EndGlobalSection
	GlobalSection(SolutionProperties) = preSolution
		HideSolutionNode = FALSE
	EndGlobalSection
	GlobalSection(NestedProjects) = preSolution
		{F226FEE3-4BEE-46BD-A176-7C73E97CB991} = {BA533EBB-0F91-454A-9B19-BB939B4904B1}
		{6380C175-F4D3-4E67-978D-A5572C9ED988} = {BA533EBB-0F91-454A-9B19-BB939B4904B1}
		{DF2A4621-6820-4B8A-A9F6-08C5F942C906} = {BA533EBB-0F91-454A-9B19-BB939B4904B1}
		{3FAA02A6-AC66-4DD2-87A8-FEA9F7DDA8F5} = {BA533EBB-0F91-454A-9B19-BB939B4904B1}
		{BBFF7FCA-50B5-45DF-94D5-F6907AFD04E7} = {89DC880D-5011-4B17-AAAE-8140147DC3A4}
		{0F6DABBF-655F-4708-9AE3-355590D5455B} = {89DC880D-5011-4B17-AAAE-8140147DC3A4}
		{A73A5871-6B60-4528-999C-953A956CF487} = {DF2A4621-6820-4B8A-A9F6-08C5F942C906}
		{F2DDEE34-1B7C-4E52-85D9-9EEC1CAD7C40} = {6380C175-F4D3-4E67-978D-A5572C9ED988}
		{14413ADD-1454-464B-99AC-9AD3B8FBFDAF} = {6380C175-F4D3-4E67-978D-A5572C9ED988}
		{77BF50D6-9472-46B5-95C4-A0AC71075161} = {F226FEE3-4BEE-46BD-A176-7C73E97CB991}
	EndGlobalSection
	GlobalSection(ExtensibilityGlobals) = postSolution
		SolutionGuid = {E3C630C0-9880-4138-87F3-16885895D8CA}
	EndGlobalSection
EndGlobal
